// !$*UTF8*$!
{
	archiveVersion = 1;
	classes = {
	};
	objectVersion = 46;
	objects = {

/* Begin PBXBuildFile section */
		692DB9A118801FF7000A58AE /* DrinkArray.plist in Resources */ = {isa = PBXBuildFile; fileRef = 692DB9A018801FF7000A58AE /* DrinkArray.plist */; };
		692DB9A81882A4CA000A58AE /* DrinkDetailViewController.m in Sources */ = {isa = PBXBuildFile; fileRef = 692DB9A71882A4CA000A58AE /* DrinkDetailViewController.m */; };
		69F252B4187EBEF200459BCF /* Foundation.framework in Frameworks */ = {isa = PBXBuildFile; fileRef = 69F252B3187EBEF200459BCF /* Foundation.framework */; };
		69F252B6187EBEF200459BCF /* CoreGraphics.framework in Frameworks */ = {isa = PBXBuildFile; fileRef = 69F252B5187EBEF200459BCF /* CoreGraphics.framework */; };
		69F252B8187EBEF200459BCF /* UIKit.framework in Frameworks */ = {isa = PBXBuildFile; fileRef = 69F252B7187EBEF200459BCF /* UIKit.framework */; };
		69F252BE187EBEF200459BCF /* InfoPlist.strings in Resources */ = {isa = PBXBuildFile; fileRef = 69F252BC187EBEF200459BCF /* InfoPlist.strings */; };
		69F252C0187EBEF200459BCF /* main.m in Sources */ = {isa = PBXBuildFile; fileRef = 69F252BF187EBEF200459BCF /* main.m */; };
		69F252C4187EBEF200459BCF /* HelloAppDelegate.m in Sources */ = {isa = PBXBuildFile; fileRef = 69F252C3187EBEF200459BCF /* HelloAppDelegate.m */; };
		69F252C7187EBEF200459BCF /* Main.storyboard in Resources */ = {isa = PBXBuildFile; fileRef = 69F252C5187EBEF200459BCF /* Main.storyboard */; };
		69F252CA187EBEF200459BCF /* HelloMasterViewController.m in Sources */ = {isa = PBXBuildFile; fileRef = 69F252C9187EBEF200459BCF /* HelloMasterViewController.m */; };
		69F252CD187EBEF200459BCF /* HelloDetailViewController.m in Sources */ = {isa = PBXBuildFile; fileRef = 69F252CC187EBEF200459BCF /* HelloDetailViewController.m */; };
		69F252CF187EBEF200459BCF /* Images.xcassets in Resources */ = {isa = PBXBuildFile; fileRef = 69F252CE187EBEF200459BCF /* Images.xcassets */; };
		69F252D6187EBEF200459BCF /* XCTest.framework in Frameworks */ = {isa = PBXBuildFile; fileRef = 69F252D5187EBEF200459BCF /* XCTest.framework */; };
		69F252D7187EBEF200459BCF /* Foundation.framework in Frameworks */ = {isa = PBXBuildFile; fileRef = 69F252B3187EBEF200459BCF /* Foundation.framework */; };
		69F252D8187EBEF200459BCF /* UIKit.framework in Frameworks */ = {isa = PBXBuildFile; fileRef = 69F252B7187EBEF200459BCF /* UIKit.framework */; };
		69F252E0187EBEF200459BCF /* InfoPlist.strings in Resources */ = {isa = PBXBuildFile; fileRef = 69F252DE187EBEF200459BCF /* InfoPlist.strings */; };
		69F252E2187EBEF200459BCF /* DrinkMixerTests.m in Sources */ = {isa = PBXBuildFile; fileRef = 69F252E1187EBEF200459BCF /* DrinkMixerTests.m */; };
/* End PBXBuildFile section */

/* Begin PBXContainerItemProxy section */
		69F252D9187EBEF200459BCF /* PBXContainerItemProxy */ = {
			isa = PBXContainerItemProxy;
			containerPortal = 69F252A8187EBEF200459BCF /* Project object */;
			proxyType = 1;
			remoteGlobalIDString = 69F252AF187EBEF200459BCF;
			remoteInfo = DrinkMixer;
		};
/* End PBXContainerItemProxy section */

/* Begin PBXFileReference section */
		692DB9A018801FF7000A58AE /* DrinkArray.plist */ = {isa = PBXFileReference; fileEncoding = 4; lastKnownFileType = text.plist.xml; path = DrinkArray.plist; sourceTree = "<group>"; };
		692DB9A61882A4CA000A58AE /* DrinkDetailViewController.h */ = {isa = PBXFileReference; fileEncoding = 4; lastKnownFileType = sourcecode.c.h; name = DrinkDetailViewController.h; path = ../DrinkDetailViewController.h; sourceTree = "<group>"; };
		692DB9A71882A4CA000A58AE /* DrinkDetailViewController.m */ = {isa = PBXFileReference; fileEncoding = 4; lastKnownFileType = sourcecode.c.objc; name = DrinkDetailViewController.m; path = ../DrinkDetailViewController.m; sourceTree = "<group>"; };
		69F252B0187EBEF200459BCF /* DrinkMixer.app */ = {isa = PBXFileReference; explicitFileType = wrapper.application; includeInIndex = 0; path = DrinkMixer.app; sourceTree = BUILT_PRODUCTS_DIR; };
		69F252B3187EBEF200459BCF /* Foundation.framework */ = {isa = PBXFileReference; lastKnownFileType = wrapper.framework; name = Foundation.framework; path = System/Library/Frameworks/Foundation.framework; sourceTree = SDKROOT; };
		69F252B5187EBEF200459BCF /* CoreGraphics.framework */ = {isa = PBXFileReference; lastKnownFileType = wrapper.framework; name = CoreGraphics.framework; path = System/Library/Frameworks/CoreGraphics.framework; sourceTree = SDKROOT; };
		69F252B7187EBEF200459BCF /* UIKit.framework */ = {isa = PBXFileReference; lastKnownFileType = wrapper.framework; name = UIKit.framework; path = System/Library/Frameworks/UIKit.framework; sourceTree = SDKROOT; };
		69F252BB187EBEF200459BCF /* DrinkMixer-Info.plist */ = {isa = PBXFileReference; lastKnownFileType = text.plist.xml; path = "DrinkMixer-Info.plist"; sourceTree = "<group>"; };
		69F252BD187EBEF200459BCF /* en */ = {isa = PBXFileReference; lastKnownFileType = text.plist.strings; name = en; path = en.lproj/InfoPlist.strings; sourceTree = "<group>"; };
		69F252BF187EBEF200459BCF /* main.m */ = {isa = PBXFileReference; lastKnownFileType = sourcecode.c.objc; path = main.m; sourceTree = "<group>"; };
		69F252C1187EBEF200459BCF /* DrinkMixer-Prefix.pch */ = {isa = PBXFileReference; lastKnownFileType = sourcecode.c.h; path = "DrinkMixer-Prefix.pch"; sourceTree = "<group>"; };
		69F252C2187EBEF200459BCF /* HelloAppDelegate.h */ = {isa = PBXFileReference; lastKnownFileType = sourcecode.c.h; path = HelloAppDelegate.h; sourceTree = "<group>"; };
		69F252C3187EBEF200459BCF /* HelloAppDelegate.m */ = {isa = PBXFileReference; lastKnownFileType = sourcecode.c.objc; path = HelloAppDelegate.m; sourceTree = "<group>"; };
		69F252C6187EBEF200459BCF /* Base */ = {isa = PBXFileReference; lastKnownFileType = file.storyboard; name = Base; path = Base.lproj/Main.storyboard; sourceTree = "<group>"; };
		69F252C8187EBEF200459BCF /* HelloMasterViewController.h */ = {isa = PBXFileReference; lastKnownFileType = sourcecode.c.h; path = HelloMasterViewController.h; sourceTree = "<group>"; };
		69F252C9187EBEF200459BCF /* HelloMasterViewController.m */ = {isa = PBXFileReference; lastKnownFileType = sourcecode.c.objc; path = HelloMasterViewController.m; sourceTree = "<group>"; };
		69F252CB187EBEF200459BCF /* HelloDetailViewController.h */ = {isa = PBXFileReference; lastKnownFileType = sourcecode.c.h; path = HelloDetailViewController.h; sourceTree = "<group>"; };
		69F252CC187EBEF200459BCF /* HelloDetailViewController.m */ = {isa = PBXFileReference; lastKnownFileType = sourcecode.c.objc; path = HelloDetailViewController.m; sourceTree = "<group>"; };
		69F252CE187EBEF200459BCF /* Images.xcassets */ = {isa = PBXFileReference; lastKnownFileType = folder.assetcatalog; path = Images.xcassets; sourceTree = "<group>"; };
		69F252D4187EBEF200459BCF /* DrinkMixerTests.xctest */ = {isa = PBXFileReference; explicitFileType = wrapper.cfbundle; includeInIndex = 0; path = DrinkMixerTests.xctest; sourceTree = BUILT_PRODUCTS_DIR; };
		69F252D5187EBEF200459BCF /* XCTest.framework */ = {isa = PBXFileReference; lastKnownFileType = wrapper.framework; name = XCTest.framework; path = Library/Frameworks/XCTest.framework; sourceTree = DEVELOPER_DIR; };
		69F252DD187EBEF200459BCF /* DrinkMixerTests-Info.plist */ = {isa = PBXFileReference; lastKnownFileType = text.plist.xml; path = "DrinkMixerTests-Info.plist"; sourceTree = "<group>"; };
		69F252DF187EBEF200459BCF /* en */ = {isa = PBXFileReference; lastKnownFileType = text.plist.strings; name = en; path = en.lproj/InfoPlist.strings; sourceTree = "<group>"; };
		69F252E1187EBEF200459BCF /* DrinkMixerTests.m */ = {isa = PBXFileReference; lastKnownFileType = sourcecode.c.objc; path = DrinkMixerTests.m; sourceTree = "<group>"; };
/* End PBXFileReference section */

/* Begin PBXFrameworksBuildPhase section */
		69F252AD187EBEF200459BCF /* Frameworks */ = {
			isa = PBXFrameworksBuildPhase;
			buildActionMask = 2147483647;
			files = (
				69F252B6187EBEF200459BCF /* CoreGraphics.framework in Frameworks */,
				69F252B8187EBEF200459BCF /* UIKit.framework in Frameworks */,
				69F252B4187EBEF200459BCF /* Foundation.framework in Frameworks */,
			);
			runOnlyForDeploymentPostprocessing = 0;
		};
		69F252D1187EBEF200459BCF /* Frameworks */ = {
			isa = PBXFrameworksBuildPhase;
			buildActionMask = 2147483647;
			files = (
				69F252D6187EBEF200459BCF /* XCTest.framework in Frameworks */,
				69F252D8187EBEF200459BCF /* UIKit.framework in Frameworks */,
				69F252D7187EBEF200459BCF /* Foundation.framework in Frameworks */,
			);
			runOnlyForDeploymentPostprocessing = 0;
		};
/* End PBXFrameworksBuildPhase section */

/* Begin PBXGroup section */
		69F252A7187EBEF200459BCF = {
			isa = PBXGroup;
			children = (
				69F252B9187EBEF200459BCF /* DrinkMixer */,
				69F252DB187EBEF200459BCF /* DrinkMixerTests */,
				69F252B2187EBEF200459BCF /* Frameworks */,
				69F252B1187EBEF200459BCF /* Products */,
			);
			sourceTree = "<group>";
		};
		69F252B1187EBEF200459BCF /* Products */ = {
			isa = PBXGroup;
			children = (
				69F252B0187EBEF200459BCF /* DrinkMixer.app */,
				69F252D4187EBEF200459BCF /* DrinkMixerTests.xctest */,
			);
			name = Products;
			sourceTree = "<group>";
		};
		69F252B2187EBEF200459BCF /* Frameworks */ = {
			isa = PBXGroup;
			children = (
				69F252B3187EBEF200459BCF /* Foundation.framework */,
				69F252B5187EBEF200459BCF /* CoreGraphics.framework */,
				69F252B7187EBEF200459BCF /* UIKit.framework */,
				69F252D5187EBEF200459BCF /* XCTest.framework */,
			);
			name = Frameworks;
			sourceTree = "<group>";
		};
		69F252B9187EBEF200459BCF /* DrinkMixer */ = {
			isa = PBXGroup;
			children = (
				692DB9A61882A4CA000A58AE /* DrinkDetailViewController.h */,
				692DB9A71882A4CA000A58AE /* DrinkDetailViewController.m */,
				69F252C2187EBEF200459BCF /* HelloAppDelegate.h */,
				69F252C3187EBEF200459BCF /* HelloAppDelegate.m */,
				69F252C5187EBEF200459BCF /* Main.storyboard */,
				69F252C8187EBEF200459BCF /* HelloMasterViewController.h */,
				69F252C9187EBEF200459BCF /* HelloMasterViewController.m */,
				69F252CB187EBEF200459BCF /* HelloDetailViewController.h */,
				69F252CC187EBEF200459BCF /* HelloDetailViewController.m */,
				69F252CE187EBEF200459BCF /* Images.xcassets */,
				69F252BA187EBEF200459BCF /* Supporting Files */,
			);
			path = DrinkMixer;
			sourceTree = "<group>";
		};
		69F252BA187EBEF200459BCF /* Supporting Files */ = {
			isa = PBXGroup;
			children = (
				69F252BB187EBEF200459BCF /* DrinkMixer-Info.plist */,
				692DB9A018801FF7000A58AE /* DrinkArray.plist */,
				69F252BC187EBEF200459BCF /* InfoPlist.strings */,
				69F252BF187EBEF200459BCF /* main.m */,
				69F252C1187EBEF200459BCF /* DrinkMixer-Prefix.pch */,
			);
			name = "Supporting Files";
			sourceTree = "<group>";
		};
		69F252DB187EBEF200459BCF /* DrinkMixerTests */ = {
			isa = PBXGroup;
			children = (
				69F252E1187EBEF200459BCF /* DrinkMixerTests.m */,
				69F252DC187EBEF200459BCF /* Supporting Files */,
			);
			path = DrinkMixerTests;
			sourceTree = "<group>";
		};
		69F252DC187EBEF200459BCF /* Supporting Files */ = {
			isa = PBXGroup;
			children = (
				69F252DD187EBEF200459BCF /* DrinkMixerTests-Info.plist */,
				69F252DE187EBEF200459BCF /* InfoPlist.strings */,
			);
			name = "Supporting Files";
			sourceTree = "<group>";
		};
/* End PBXGroup section */

/* Begin PBXNativeTarget section */
		69F252AF187EBEF200459BCF /* DrinkMixer */ = {
			isa = PBXNativeTarget;
			buildConfigurationList = 69F252E5187EBEF200459BCF /* Build configuration list for PBXNativeTarget "DrinkMixer" */;
			buildPhases = (
				69F252AC187EBEF200459BCF /* Sources */,
				69F252AD187EBEF200459BCF /* Frameworks */,
				69F252AE187EBEF200459BCF /* Resources */,
			);
			buildRules = (
			);
			dependencies = (
			);
			name = DrinkMixer;
			productName = DrinkMixer;
			productReference = 69F252B0187EBEF200459BCF /* DrinkMixer.app */;
			productType = "com.apple.product-type.application";
		};
		69F252D3187EBEF200459BCF /* DrinkMixerTests */ = {
			isa = PBXNativeTarget;
			buildConfigurationList = 69F252E8187EBEF200459BCF /* Build configuration list for PBXNativeTarget "DrinkMixerTests" */;
			buildPhases = (
				69F252D0187EBEF200459BCF /* Sources */,
				69F252D1187EBEF200459BCF /* Frameworks */,
				69F252D2187EBEF200459BCF /* Resources */,
			);
			buildRules = (
			);
			dependencies = (
				69F252DA187EBEF200459BCF /* PBXTargetDependency */,
			);
			name = DrinkMixerTests;
			productName = DrinkMixerTests;
			productReference = 69F252D4187EBEF200459BCF /* DrinkMixerTests.xctest */;
			productType = "com.apple.product-type.bundle.unit-test";
		};
/* End PBXNativeTarget section */

/* Begin PBXProject section */
		69F252A8187EBEF200459BCF /* Project object */ = {
			isa = PBXProject;
			attributes = {
				CLASSPREFIX = Hello;
				LastUpgradeCheck = 0500;
				ORGANIZATIONNAME = incross;
				TargetAttributes = {
					69F252D3187EBEF200459BCF = {
						TestTargetID = 69F252AF187EBEF200459BCF;
					};
				};
			};
			buildConfigurationList = 69F252AB187EBEF200459BCF /* Build configuration list for PBXProject "DrinkMixer" */;
			compatibilityVersion = "Xcode 3.2";
			developmentRegion = English;
			hasScannedForEncodings = 0;
			knownRegions = (
				en,
				Base,
			);
			mainGroup = 69F252A7187EBEF200459BCF;
			productRefGroup = 69F252B1187EBEF200459BCF /* Products */;
			projectDirPath = "";
			projectRoot = "";
			targets = (
				69F252AF187EBEF200459BCF /* DrinkMixer */,
				69F252D3187EBEF200459BCF /* DrinkMixerTests */,
			);
		};
/* End PBXProject section */

/* Begin PBXResourcesBuildPhase section */
		69F252AE187EBEF200459BCF /* Resources */ = {
			isa = PBXResourcesBuildPhase;
			buildActionMask = 2147483647;
			files = (
				69F252CF187EBEF200459BCF /* Images.xcassets in Resources */,
				692DB9A118801FF7000A58AE /* DrinkArray.plist in Resources */,
				69F252BE187EBEF200459BCF /* InfoPlist.strings in Resources */,
				69F252C7187EBEF200459BCF /* Main.storyboard in Resources */,
			);
			runOnlyForDeploymentPostprocessing = 0;
		};
		69F252D2187EBEF200459BCF /* Resources */ = {
			isa = PBXResourcesBuildPhase;
			buildActionMask = 2147483647;
			files = (
				69F252E0187EBEF200459BCF /* InfoPlist.strings in Resources */,
			);
			runOnlyForDeploymentPostprocessing = 0;
		};
/* End PBXResourcesBuildPhase section */

/* Begin PBXSourcesBuildPhase section */
		69F252AC187EBEF200459BCF /* Sources */ = {
			isa = PBXSourcesBuildPhase;
			buildActionMask = 2147483647;
			files = (
				692DB9A81882A4CA000A58AE /* DrinkDetailViewController.m in Sources */,
				69F252CD187EBEF200459BCF /* HelloDetailViewController.m in Sources */,
				69F252C0187EBEF200459BCF /* main.m in Sources */,
				69F252CA187EBEF200459BCF /* HelloMasterViewController.m in Sources */,
				69F252C4187EBEF200459BCF /* HelloAppDelegate.m in Sources */,
			);
			runOnlyForDeploymentPostprocessing = 0;
		};
		69F252D0187EBEF200459BCF /* Sources */ = {
			isa = PBXSourcesBuildPhase;
			buildActionMask = 2147483647;
			files = (
				69F252E2187EBEF200459BCF /* DrinkMixerTests.m in Sources */,
			);
			runOnlyForDeploymentPostprocessing = 0;
		};
/* End PBXSourcesBuildPhase section */

/* Begin PBXTargetDependency section */
		69F252DA187EBEF200459BCF /* PBXTargetDependency */ = {
			isa = PBXTargetDependency;
			target = 69F252AF187EBEF200459BCF /* DrinkMixer */;
			targetProxy = 69F252D9187EBEF200459BCF /* PBXContainerItemProxy */;
		};
/* End PBXTargetDependency section */

/* Begin PBXVariantGroup section */
		69F252BC187EBEF200459BCF /* InfoPlist.strings */ = {
			isa = PBXVariantGroup;
			children = (
				69F252BD187EBEF200459BCF /* en */,
			);
			name = InfoPlist.strings;
			sourceTree = "<group>";
		};
		69F252C5187EBEF200459BCF /* Main.storyboard */ = {
			isa = PBXVariantGroup;
			children = (
				69F252C6187EBEF200459BCF /* Base */,
			);
			name = Main.storyboard;
			sourceTree = "<group>";
		};
		69F252DE187EBEF200459BCF /* InfoPlist.strings */ = {
			isa = PBXVariantGroup;
			children = (
				69F252DF187EBEF200459BCF /* en */,
			);
			name = InfoPlist.strings;
			sourceTree = "<group>";
		};
/* End PBXVariantGroup section */

/* Begin XCBuildConfiguration section */
		69F252E3187EBEF200459BCF /* Debug */ = {
			isa = XCBuildConfiguration;
			buildSettings = {
				ALWAYS_SEARCH_USER_PATHS = NO;
				ARCHS = "$(ARCHS_STANDARD_INCLUDING_64_BIT)";
				CLANG_CXX_LANGUAGE_STANDARD = "gnu++0x";
				CLANG_CXX_LIBRARY = "libc++";
				CLANG_ENABLE_MODULES = YES;
				CLANG_ENABLE_OBJC_ARC = YES;
				CLANG_WARN_BOOL_CONVERSION = YES;
				CLANG_WARN_CONSTANT_CONVERSION = YES;
				CLANG_WARN_DIRECT_OBJC_ISA_USAGE = YES_ERROR;
				CLANG_WARN_EMPTY_BODY = YES;
				CLANG_WARN_ENUM_CONVERSION = YES;
				CLANG_WARN_INT_CONVERSION = YES;
				CLANG_WARN_OBJC_ROOT_CLASS = YES_ERROR;
				CLANG_WARN__DUPLICATE_METHOD_MATCH = YES;
				"CODE_SIGN_IDENTITY[sdk=iphoneos*]" = "iPhone Developer";
				COPY_PHASE_STRIP = NO;
				GCC_C_LANGUAGE_STANDARD = gnu99;
				GCC_DYNAMIC_NO_PIC = NO;
				GCC_OPTIMIZATION_LEVEL = 0;
				GCC_PREPROCESSOR_DEFINITIONS = (
					"DEBUG=1",
					"$(inherited)",
				);
				GCC_SYMBOLS_PRIVATE_EXTERN = NO;
				GCC_WARN_64_TO_32_BIT_CONVERSION = YES;
				GCC_WARN_ABOUT_RETURN_TYPE = YES_ERROR;
				GCC_WARN_UNDECLARED_SELECTOR = YES;
				GCC_WARN_UNINITIALIZED_AUTOS = YES;
				GCC_WARN_UNUSED_FUNCTION = YES;
				GCC_WARN_UNUSED_VARIABLE = YES;
				IPHONEOS_DEPLOYMENT_TARGET = 7.0;
				ONLY_ACTIVE_ARCH = YES;
				SDKROOT = iphoneos;
			};
			name = Debug;
		};
		69F252E4187EBEF200459BCF /* Release */ = {
			isa = XCBuildConfiguration;
			buildSettings = {
				ALWAYS_SEARCH_USER_PATHS = NO;
				ARCHS = "$(ARCHS_STANDARD_INCLUDING_64_BIT)";
				CLANG_CXX_LANGUAGE_STANDARD = "gnu++0x";
				CLANG_CXX_LIBRARY = "libc++";
				CLANG_ENABLE_MODULES = YES;
				CLANG_ENABLE_OBJC_ARC = YES;
				CLANG_WARN_BOOL_CONVERSION = YES;
				CLANG_WARN_CONSTANT_CONVERSION = YES;
				CLANG_WARN_DIRECT_OBJC_ISA_USAGE = YES_ERROR;
				CLANG_WARN_EMPTY_BODY = YES;
				CLANG_WARN_ENUM_CONVERSION = YES;
				CLANG_WARN_INT_CONVERSION = YES;
				CLANG_WARN_OBJC_ROOT_CLASS = YES_ERROR;
				CLANG_WARN__DUPLICATE_METHOD_MATCH = YES;
				"CODE_SIGN_IDENTITY[sdk=iphoneos*]" = "iPhone Developer";
				COPY_PHASE_STRIP = YES;
				ENABLE_NS_ASSERTIONS = NO;
				GCC_C_LANGUAGE_STANDARD = gnu99;
				GCC_WARN_64_TO_32_BIT_CONVERSION = YES;
				GCC_WARN_ABOUT_RETURN_TYPE = YES_ERROR;
				GCC_WARN_UNDECLARED_SELECTOR = YES;
				GCC_WARN_UNINITIALIZED_AUTOS = YES;
				GCC_WARN_UNUSED_FUNCTION = YES;
				GCC_WARN_UNUSED_VARIABLE = YES;
				IPHONEOS_DEPLOYMENT_TARGET = 7.0;
				SDKROOT = iphoneos;
				VALIDATE_PRODUCT = YES;
			};
			name = Release;
		};
		69F252E6187EBEF200459BCF /* Debug */ = {
			isa = XCBuildConfiguration;
			buildSettings = {
				ASSETCATALOG_COMPILER_APPICON_NAME = AppIcon;
				ASSETCATALOG_COMPILER_LAUNCHIMAGE_NAME = LaunchImage;
				GCC_PRECOMPILE_PREFIX_HEADER = YES;
				GCC_PREFIX_HEADER = "DrinkMixer/DrinkMixer-Prefix.pch";
				INFOPLIST_FILE = "DrinkMixer/DrinkMixer-Info.plist";
				PRODUCT_NAME = "$(TARGET_NAME)";
				WRAPPER_EXTENSION = app;
			};
			name = Debug;
		};
		69F252E7187EBEF200459BCF /* Release */ = {
			isa = XCBuildConfiguration;
			buildSettings = {
				ASSETCATALOG_COMPILER_APPICON_NAME = AppIcon;
				ASSETCATALOG_COMPILER_LAUNCHIMAGE_NAME = LaunchImage;
				GCC_PRECOMPILE_PREFIX_HEADER = YES;
				GCC_PREFIX_HEADER = "DrinkMixer/DrinkMixer-Prefix.pch";
				INFOPLIST_FILE = "DrinkMixer/DrinkMixer-Info.plist";
				PRODUCT_NAME = "$(TARGET_NAME)";
				WRAPPER_EXTENSION = app;
			};
			name = Release;
		};
		69F252E9187EBEF200459BCF /* Debug */ = {
			isa = XCBuildConfiguration;
			buildSettings = {
				ARCHS = "$(ARCHS_STANDARD_INCLUDING_64_BIT)";
				BUNDLE_LOADER = "$(BUILT_PRODUCTS_DIR)/DrinkMixer.app/DrinkMixer";
				FRAMEWORK_SEARCH_PATHS = (
					"$(SDKROOT)/Developer/Library/Frameworks",
					"$(inherited)",
					"$(DEVELOPER_FRAMEWORKS_DIR)",
				);
				GCC_PRECOMPILE_PREFIX_HEADER = YES;
				GCC_PREFIX_HEADER = "DrinkMixer/DrinkMixer-Prefix.pch";
				GCC_PREPROCESSOR_DEFINITIONS = (
					"DEBUG=1",
					"$(inherited)",
				);
				INFOPLIST_FILE = "DrinkMixerTests/DrinkMixerTests-Info.plist";
				PRODUCT_NAME = "$(TARGET_NAME)";
				TEST_HOST = "$(BUNDLE_LOADER)";
				WRAPPER_EXTENSION = xctest;
			};
			name = Debug;
		};
		69F252EA187EBEF200459BCF /* Release */ = {
			isa = XCBuildConfiguration;
			buildSettings = {
				ARCHS = "$(ARCHS_STANDARD_INCLUDING_64_BIT)";
				BUNDLE_LOADER = "$(BUILT_PRODUCTS_DIR)/DrinkMixer.app/DrinkMixer";
				FRAMEWORK_SEARCH_PATHS = (
					"$(SDKROOT)/Developer/Library/Frameworks",
					"$(inherited)",
					"$(DEVELOPER_FRAMEWORKS_DIR)",
				);
				GCC_PRECOMPILE_PREFIX_HEADER = YES;
				GCC_PREFIX_HEADER = "DrinkMixer/DrinkMixer-Prefix.pch";
				INFOPLIST_FILE = "DrinkMixerTests/DrinkMixerTests-Info.plist";
				PRODUCT_NAME = "$(TARGET_NAME)";
				TEST_HOST = "$(BUNDLE_LOADER)";
				WRAPPER_EXTENSION = xctest;
			};
			name = Release;
		};
/* End XCBuildConfiguration section */

/* Begin XCConfigurationList section */
		69F252AB187EBEF200459BCF /* Build configuration list for PBXProject "DrinkMixer" */ = {
			isa = XCConfigurationList;
			buildConfigurations = (
				69F252E3187EBEF200459BCF /* Debug */,
				69F252E4187EBEF200459BCF /* Release */,
			);
			defaultConfigurationIsVisible = 0;
			defaultConfigurationName = Release;
		};
		69F252E5187EBEF200459BCF /* Build configuration list for PBXNativeTarget "DrinkMixer" */ = {
			isa = XCConfigurationList;
			buildConfigurations = (
				69F252E6187EBEF200459BCF /* Debug */,
				69F252E7187EBEF200459BCF /* Release */,
			);
			defaultConfigurationIsVisible = 0;
			defaultConfigurationName = Release;
		};
		69F252E8187EBEF200459BCF /* Build configuration list for PBXNativeTarget "DrinkMixerTests" */ = {
			isa = XCConfigurationList;
			buildConfigurations = (
				69F252E9187EBEF200459BCF /* Debug */,
				69F252EA187EBEF200459BCF /* Release */,
			);
			defaultConfigurationIsVisible = 0;
			defaultConfigurationName = Release;
		};
/* End XCConfigurationList section */
	};
	rootObject = 69F252A8187EBEF200459BCF /* Project object */;
}
